
Microsoft Visual Studio Solution File, Format Version 12.00
# Visual Studio Version 16
VisualStudioVersion = 16.0.30413.136
MinimumVisualStudioVersion = 10.0.40219.1
Project("{FAE04EC0-301F-11D3-BF4B-00C04F79EFBC}") = "MyApp", "MyApp.csproj", "{8D02048C-7D80-48C7-80B6-30350E97CEA1}"
EndProject
Global
	GlobalSection(SolutionConfigurationPlatforms) = preSolution
		Debug|Any CPU = Debug|Any CPU
		Debug|x86 = Debug|x86
		Release|Any CPU = Release|Any CPU
		Release|x86 = Release|x86
	EndGlobalSection
	GlobalSection(ProjectConfigurationPlatforms) = postSolution
		{8D02048C-7D80-48C7-80B6-30350E97CEA1}.Debug|Any CPU.ActiveCfg = Debug|Any CPU
		{8D02048C-7D80-48C7-80B6-30350E97CEA1}.Debug|Any CPU.Build.0 = Debug|Any CPU
		{8D02048C-7D80-48C7-80B6-30350E97CEA1}.Debug|x86.ActiveCfg = Debug|x86
		{8D02048C-7D80-48C7-80B6-30350E97CEA1}.Debug|x86.Build.0 = Debug|x86
		{8D02048C-7D80-48C7-80B6-30350E97CEA1}.Release|Any CPU.ActiveCfg = Release|Any CPU
		{8D02048C-7D80-48C7-80B6-30350E97CEA1}.Release|Any CPU.Build.0 = Release|Any CPU
		{8D02048C-7D80-48C7-80B6-30350E97CEA1}.Release|x86.ActiveCfg = Release|x86
		{8D02048C-7D80-48C7-80B6-30350E97CEA1}.Release|x86.Build.0 = Release|x86
	EndGlobalSection
	GlobalSection(SolutionProperties) = preSolution
		HideSolutionNode = FALSE
	EndGlobalSection
	GlobalSection(ExtensibilityGlobals) = postSolution
		SolutionGuid = {2E88C502-E898-4D98-A6E6-254B8E8DA514}
	EndGlobalSection
EndGlobal
